
Microsoft Visual Studio Solution File, Format Version 11.00
# Visual Studio 2010
Project("{FAE04EC0-301F-11D3-BF4B-00C04F79EFBC}") = "LyncUISupressionWrapper", "LyncUISupressionWrapper.csproj", "{F643E277-CBAF-44C3-80E3-8B65014B135A}"
EndProject
Global
	GlobalSection(SolutionConfigurationPlatforms) = preSolution
		Debug|Any CPU = Debug|Any CPU
		Release|Any CPU = Release|Any CPU
	EndGlobalSection
	GlobalSection(ProjectConfigurationPlatforms) = postSolution
		{F643E277-CBAF-44C3-80E3-8B65014B135A}.Debug|Any CPU.ActiveCfg = Debug|Any CPU
		{F643E277-CBAF-44C3-80E3-8B65014B135A}.Debug|Any CPU.Build.0 = Debug|Any CPU
		{F643E277-CBAF-44C3-80E3-8B65014B135A}.Release|Any CPU.ActiveCfg = Release|Any CPU
		{F643E277-CBAF-44C3-80E3-8B65014B135A}.Release|Any CPU.Build.0 = Release|Any CPU
	EndGlobalSection
	GlobalSection(SolutionProperties) = preSolution
		HideSolutionNode = FALSE
	EndGlobalSection
EndGlobal
